PODS:
  - Alamofire (5.5.0)
  - Kingfisher (7.2.2)

DEPENDENCIES:
  - Alamofire
  - Kingfisher (~> 7.0)

SPEC REPOS:
  trunk:
    - Alamofire
    - Kingfisher

SPEC CHECKSUMS:
  Alamofire: 1c4fb5369c3fe93d2857c780d8bbe09f06f97e7c
  Kingfisher: 184d4d1a8c36666e663caf8e08abe87898595c53

PODFILE CHECKSUM: b5ecee93ca12367d687fc51d001b5f1a31328476

COCOAPODS: 1.8.4
